
Microsoft Visual Studio Solution File, Format Version 12.00
# Visual Studio 14
VisualStudioVersion = 14.0.25420.1
MinimumVisualStudioVersion = 14.0.22823.1
Project("{2150E333-8FDC-42A3-9474-1A3956D46DE8}") = "test", "test", "{4F6FEC1A-4512-48D6-B3BC-8AD8025B7EF7}"
EndProject
Project("{2150E333-8FDC-42A3-9474-1A3956D46DE8}") = "src", "src", "{FBF88E4E-4CA8-473A-AF3F-9709CCB979DB}"
EndProject
Project("{2150E333-8FDC-42A3-9474-1A3956D46DE8}") = ".nuget", ".nuget", "{EE909957-EC2E-4F31-9E37-5F065A7B8F25}"
	ProjectSection(SolutionItems) = preProject
		.nuget\NuGet.Config = .nuget\NuGet.Config
		.nuget\NuGet.exe = .nuget\NuGet.exe
		.nuget\NuGet.targets = .nuget\NuGet.targets
		.nuget\packages.config = .nuget\packages.config
	EndProjectSection
EndProject
Project("{2150E333-8FDC-42A3-9474-1A3956D46DE8}") = "Core", "Core", "{3570B09C-49D1-43F4-B1DA-862C1D2E90CF}"
EndProject
Project("{2150E333-8FDC-42A3-9474-1A3956D46DE8}") = "Serializers", "Serializers", "{1FBB92DE-CD94-4757-8FFD-2AC8790020B1}"
EndProject
Project("{2150E333-8FDC-42A3-9474-1A3956D46DE8}") = "Build", "Build", "{5D65A8AF-DD00-40D9-9508-602E747EC986}"
	ProjectSection(SolutionItems) = preProject
		src\StackExchange.Redis.Extensions.Core\StackExchange.Redis.Extensions.Core.nuspec = src\StackExchange.Redis.Extensions.Core\StackExchange.Redis.Extensions.Core.nuspec
		src\StackExchange.Redis.Extensions.Jil\StackExchange.Redis.Extensions.Jil.nuspec = src\StackExchange.Redis.Extensions.Jil\StackExchange.Redis.Extensions.Jil.nuspec
		src\StackExchange.Redis.Extensions.MsgPack\StackExchange.Redis.Extensions.MsgPack.nuspec = src\StackExchange.Redis.Extensions.MsgPack\StackExchange.Redis.Extensions.MsgPack.nuspec
		src\StackExchange.Redis.Extensions.Newtonsoft\StackExchange.Redis.Extensions.Newtonsoft.nuspec = src\StackExchange.Redis.Extensions.Newtonsoft\StackExchange.Redis.Extensions.Newtonsoft.nuspec
	EndProjectSection
EndProject
Project("{FAE04EC0-301F-11D3-BF4B-00C04F79EFBC}") = "StackExchange.Redis.Extensions.Jil_old", "src\StackExchange.Redis.Extensions.Jil_old\StackExchange.Redis.Extensions.Jil_old.csproj", "{CB7B4AD8-86EA-4F8A-98F0-C419A972CB75}"
EndProject
Project("{FAE04EC0-301F-11D3-BF4B-00C04F79EFBC}") = "StackExchange.Redis.Extensions.MsgPack_old", "src\StackExchange.Redis.Extensions.MsgPack_old\StackExchange.Redis.Extensions.MsgPack_old.csproj", "{D3CE4F97-FDCD-4514-93AA-DE50BC379567}"
EndProject
Project("{FAE04EC0-301F-11D3-BF4B-00C04F79EFBC}") = "StackExchange.Redis.Extensions.Newtonsoft_old", "src\StackExchange.Redis.Extensions.Newtonsoft_old\StackExchange.Redis.Extensions.Newtonsoft_old.csproj", "{D4B13B0B-165B-4513-9DC1-B8A25979BD65}"
EndProject
Project("{FAE04EC0-301F-11D3-BF4B-00C04F79EFBC}") = "StackExchange.Redis.Extensions.Protobuf_old", "src\StackExchange.Redis.Extensions.Protobuf_old\StackExchange.Redis.Extensions.Protobuf_old.csproj", "{0A07E6BB-BA9C-4448-BFEA-3E490A3EE60F}"
EndProject
Project("{8BB2217D-0F2D-49D1-97BC-3654ED321F3B}") = "StackExchange.Redis.Extensions.Newtonsoft", "src\Serializers\StackExchange.Redis.Extensions.Newtonsoft\StackExchange.Redis.Extensions.Newtonsoft.xproj", "{A2678DAA-EAED-40C7-B790-643717A753BA}"
EndProject
Project("{2150E333-8FDC-42A3-9474-1A3956D46DE8}") = "old", "old", "{7E2A8FE4-BD6E-486F-A31F-EA474354725B}"
EndProject
Project("{8BB2217D-0F2D-49D1-97BC-3654ED321F3B}") = "StackExchange.Redis.Extensions.Core", "src\StackExchange.Redis.Extensions.Core\StackExchange.Redis.Extensions.Core.xproj", "{59CFBBD6-A197-4035-B9C1-358E9835B800}"
EndProject
Project("{FAE04EC0-301F-11D3-BF4B-00C04F79EFBC}") = "StackExchange.Redis.Extensions.Core_old", "src\StackExchange.Redis.Extensions.Core_old\StackExchange.Redis.Extensions.Core_old.csproj", "{73B53B53-ECAB-47C5-945F-3F6FB0940A53}"
EndProject
Project("{FAE04EC0-301F-11D3-BF4B-00C04F79EFBC}") = "StackExchange.Redis.Extensions.Tests_old", "tests\StackExchange.Redis.Extensions.Tests_old\StackExchange.Redis.Extensions.Tests_old.csproj", "{D2863C32-80B5-4647-ACC8-B007DC8E9139}"
EndProject
Project("{8BB2217D-0F2D-49D1-97BC-3654ED321F3B}") = "StackExchange.Redis.Extensions.Tests", "tests\StackExchange.Redis.Extensions.Tests\StackExchange.Redis.Extensions.Tests.xproj", "{C8C5FB12-F2E0-4EE8-80CF-A6DDA9707C34}"
EndProject
Project("{2150E333-8FDC-42A3-9474-1A3956D46DE8}") = "Solution Items", "Solution Items", "{DECF4450-6E0A-43A5-A642-1492446FD468}"
	ProjectSection(SolutionItems) = preProject
		global.json = global.json
	EndProjectSection
EndProject
Project("{8BB2217D-0F2D-49D1-97BC-3654ED321F3B}") = "StackExchange.Redis.Extensions.Protobuf", "src\Serializers\StackExchange.Redis.Extensions.Protobuf\StackExchange.Redis.Extensions.Protobuf.xproj", "{DAFE6A5D-B908-4A9A-9288-2392E33A9BE3}"
EndProject
Project("{8BB2217D-0F2D-49D1-97BC-3654ED321F3B}") = "StackExchange.Redis.Extensions.MsgPack", "src\Serializers\StackExchange.Redis.Extensions.MsgPack\StackExchange.Redis.Extensions.MsgPack.xproj", "{22386B15-178F-4EF7-83B5-545C2231C1FD}"
EndProject
Global
	GlobalSection(SolutionConfigurationPlatforms) = preSolution
		Debug|Any CPU = Debug|Any CPU
		Debug|ARM = Debug|ARM
		Debug|x64 = Debug|x64
		Debug|x86 = Debug|x86
		Release|Any CPU = Release|Any CPU
		Release|ARM = Release|ARM
		Release|x64 = Release|x64
		Release|x86 = Release|x86
	EndGlobalSection
	GlobalSection(ProjectConfigurationPlatforms) = postSolution
		{CB7B4AD8-86EA-4F8A-98F0-C419A972CB75}.Debug|Any CPU.ActiveCfg = Debug|Any CPU
		{CB7B4AD8-86EA-4F8A-98F0-C419A972CB75}.Debug|Any CPU.Build.0 = Debug|Any CPU
		{CB7B4AD8-86EA-4F8A-98F0-C419A972CB75}.Debug|ARM.ActiveCfg = Debug|Any CPU
		{CB7B4AD8-86EA-4F8A-98F0-C419A972CB75}.Debug|ARM.Build.0 = Debug|Any CPU
		{CB7B4AD8-86EA-4F8A-98F0-C419A972CB75}.Debug|x64.ActiveCfg = Debug|Any CPU
		{CB7B4AD8-86EA-4F8A-98F0-C419A972CB75}.Debug|x64.Build.0 = Debug|Any CPU
		{CB7B4AD8-86EA-4F8A-98F0-C419A972CB75}.Debug|x86.ActiveCfg = Debug|Any CPU
		{CB7B4AD8-86EA-4F8A-98F0-C419A972CB75}.Debug|x86.Build.0 = Debug|Any CPU
		{CB7B4AD8-86EA-4F8A-98F0-C419A972CB75}.Release|Any CPU.ActiveCfg = Release|Any CPU
		{CB7B4AD8-86EA-4F8A-98F0-C419A972CB75}.Release|Any CPU.Build.0 = Release|Any CPU
		{CB7B4AD8-86EA-4F8A-98F0-C419A972CB75}.Release|ARM.ActiveCfg = Release|Any CPU
		{CB7B4AD8-86EA-4F8A-98F0-C419A972CB75}.Release|ARM.Build.0 = Release|Any CPU
		{CB7B4AD8-86EA-4F8A-98F0-C419A972CB75}.Release|x64.ActiveCfg = Release|Any CPU
		{CB7B4AD8-86EA-4F8A-98F0-C419A972CB75}.Release|x64.Build.0 = Release|Any CPU
		{CB7B4AD8-86EA-4F8A-98F0-C419A972CB75}.Release|x86.ActiveCfg = Release|Any CPU
		{CB7B4AD8-86EA-4F8A-98F0-C419A972CB75}.Release|x86.Build.0 = Release|Any CPU
		{D3CE4F97-FDCD-4514-93AA-DE50BC379567}.Debug|Any CPU.ActiveCfg = Debug|Any CPU
		{D3CE4F97-FDCD-4514-93AA-DE50BC379567}.Debug|Any CPU.Build.0 = Debug|Any CPU
		{D3CE4F97-FDCD-4514-93AA-DE50BC379567}.Debug|ARM.ActiveCfg = Debug|Any CPU
		{D3CE4F97-FDCD-4514-93AA-DE50BC379567}.Debug|ARM.Build.0 = Debug|Any CPU
		{D3CE4F97-FDCD-4514-93AA-DE50BC379567}.Debug|x64.ActiveCfg = Debug|Any CPU
		{D3CE4F97-FDCD-4514-93AA-DE50BC379567}.Debug|x64.Build.0 = Debug|Any CPU
		{D3CE4F97-FDCD-4514-93AA-DE50BC379567}.Debug|x86.ActiveCfg = Debug|Any CPU
		{D3CE4F97-FDCD-4514-93AA-DE50BC379567}.Debug|x86.Build.0 = Debug|Any CPU
		{D3CE4F97-FDCD-4514-93AA-DE50BC379567}.Release|Any CPU.ActiveCfg = Release|Any CPU
		{D3CE4F97-FDCD-4514-93AA-DE50BC379567}.Release|Any CPU.Build.0 = Release|Any CPU
		{D3CE4F97-FDCD-4514-93AA-DE50BC379567}.Release|ARM.ActiveCfg = Release|Any CPU
		{D3CE4F97-FDCD-4514-93AA-DE50BC379567}.Release|ARM.Build.0 = Release|Any CPU
		{D3CE4F97-FDCD-4514-93AA-DE50BC379567}.Release|x64.ActiveCfg = Release|Any CPU
		{D3CE4F97-FDCD-4514-93AA-DE50BC379567}.Release|x64.Build.0 = Release|Any CPU
		{D3CE4F97-FDCD-4514-93AA-DE50BC379567}.Release|x86.ActiveCfg = Release|Any CPU
		{D3CE4F97-FDCD-4514-93AA-DE50BC379567}.Release|x86.Build.0 = Release|Any CPU
		{D4B13B0B-165B-4513-9DC1-B8A25979BD65}.Debug|Any CPU.ActiveCfg = Debug|Any CPU
		{D4B13B0B-165B-4513-9DC1-B8A25979BD65}.Debug|Any CPU.Build.0 = Debug|Any CPU
		{D4B13B0B-165B-4513-9DC1-B8A25979BD65}.Debug|ARM.ActiveCfg = Debug|Any CPU
		{D4B13B0B-165B-4513-9DC1-B8A25979BD65}.Debug|ARM.Build.0 = Debug|Any CPU
		{D4B13B0B-165B-4513-9DC1-B8A25979BD65}.Debug|x64.ActiveCfg = Debug|Any CPU
		{D4B13B0B-165B-4513-9DC1-B8A25979BD65}.Debug|x64.Build.0 = Debug|Any CPU
		{D4B13B0B-165B-4513-9DC1-B8A25979BD65}.Debug|x86.ActiveCfg = Debug|Any CPU
		{D4B13B0B-165B-4513-9DC1-B8A25979BD65}.Debug|x86.Build.0 = Debug|Any CPU
		{D4B13B0B-165B-4513-9DC1-B8A25979BD65}.Release|Any CPU.ActiveCfg = Release|Any CPU
		{D4B13B0B-165B-4513-9DC1-B8A25979BD65}.Release|Any CPU.Build.0 = Release|Any CPU
		{D4B13B0B-165B-4513-9DC1-B8A25979BD65}.Release|ARM.ActiveCfg = Release|Any CPU
		{D4B13B0B-165B-4513-9DC1-B8A25979BD65}.Release|ARM.Build.0 = Release|Any CPU
		{D4B13B0B-165B-4513-9DC1-B8A25979BD65}.Release|x64.ActiveCfg = Release|Any CPU
		{D4B13B0B-165B-4513-9DC1-B8A25979BD65}.Release|x64.Build.0 = Release|Any CPU
		{D4B13B0B-165B-4513-9DC1-B8A25979BD65}.Release|x86.ActiveCfg = Release|Any CPU
		{D4B13B0B-165B-4513-9DC1-B8A25979BD65}.Release|x86.Build.0 = Release|Any CPU
		{0A07E6BB-BA9C-4448-BFEA-3E490A3EE60F}.Debug|Any CPU.ActiveCfg = Debug|Any CPU
		{0A07E6BB-BA9C-4448-BFEA-3E490A3EE60F}.Debug|Any CPU.Build.0 = Debug|Any CPU
		{0A07E6BB-BA9C-4448-BFEA-3E490A3EE60F}.Debug|ARM.ActiveCfg = Debug|Any CPU
		{0A07E6BB-BA9C-4448-BFEA-3E490A3EE60F}.Debug|ARM.Build.0 = Debug|Any CPU
		{0A07E6BB-BA9C-4448-BFEA-3E490A3EE60F}.Debug|x64.ActiveCfg = Debug|Any CPU
		{0A07E6BB-BA9C-4448-BFEA-3E490A3EE60F}.Debug|x64.Build.0 = Debug|Any CPU
		{0A07E6BB-BA9C-4448-BFEA-3E490A3EE60F}.Debug|x86.ActiveCfg = Debug|Any CPU
		{0A07E6BB-BA9C-4448-BFEA-3E490A3EE60F}.Debug|x86.Build.0 = Debug|Any CPU
		{0A07E6BB-BA9C-4448-BFEA-3E490A3EE60F}.Release|Any CPU.ActiveCfg = Release|Any CPU
		{0A07E6BB-BA9C-4448-BFEA-3E490A3EE60F}.Release|Any CPU.Build.0 = Release|Any CPU
		{0A07E6BB-BA9C-4448-BFEA-3E490A3EE60F}.Release|ARM.ActiveCfg = Release|Any CPU
		{0A07E6BB-BA9C-4448-BFEA-3E490A3EE60F}.Release|ARM.Build.0 = Release|Any CPU
		{0A07E6BB-BA9C-4448-BFEA-3E490A3EE60F}.Release|x64.ActiveCfg = Release|Any CPU
		{0A07E6BB-BA9C-4448-BFEA-3E490A3EE60F}.Release|x64.Build.0 = Release|Any CPU
		{0A07E6BB-BA9C-4448-BFEA-3E490A3EE60F}.Release|x86.ActiveCfg = Release|Any CPU
		{0A07E6BB-BA9C-4448-BFEA-3E490A3EE60F}.Release|x86.Build.0 = Release|Any CPU
		{A2678DAA-EAED-40C7-B790-643717A753BA}.Debug|Any CPU.ActiveCfg = Debug|Any CPU
		{A2678DAA-EAED-40C7-B790-643717A753BA}.Debug|Any CPU.Build.0 = Debug|Any CPU
		{A2678DAA-EAED-40C7-B790-643717A753BA}.Debug|ARM.ActiveCfg = Debug|Any CPU
		{A2678DAA-EAED-40C7-B790-643717A753BA}.Debug|ARM.Build.0 = Debug|Any CPU
		{A2678DAA-EAED-40C7-B790-643717A753BA}.Debug|x64.ActiveCfg = Debug|Any CPU
		{A2678DAA-EAED-40C7-B790-643717A753BA}.Debug|x64.Build.0 = Debug|Any CPU
		{A2678DAA-EAED-40C7-B790-643717A753BA}.Debug|x86.ActiveCfg = Debug|Any CPU
		{A2678DAA-EAED-40C7-B790-643717A753BA}.Debug|x86.Build.0 = Debug|Any CPU
		{A2678DAA-EAED-40C7-B790-643717A753BA}.Release|Any CPU.ActiveCfg = Release|Any CPU
		{A2678DAA-EAED-40C7-B790-643717A753BA}.Release|Any CPU.Build.0 = Release|Any CPU
		{A2678DAA-EAED-40C7-B790-643717A753BA}.Release|ARM.ActiveCfg = Release|Any CPU
		{A2678DAA-EAED-40C7-B790-643717A753BA}.Release|ARM.Build.0 = Release|Any CPU
		{A2678DAA-EAED-40C7-B790-643717A753BA}.Release|x64.ActiveCfg = Release|Any CPU
		{A2678DAA-EAED-40C7-B790-643717A753BA}.Release|x64.Build.0 = Release|Any CPU
		{A2678DAA-EAED-40C7-B790-643717A753BA}.Release|x86.ActiveCfg = Release|Any CPU
		{A2678DAA-EAED-40C7-B790-643717A753BA}.Release|x86.Build.0 = Release|Any CPU
		{59CFBBD6-A197-4035-B9C1-358E9835B800}.Debug|Any CPU.ActiveCfg = Debug|Any CPU
		{59CFBBD6-A197-4035-B9C1-358E9835B800}.Debug|Any CPU.Build.0 = Debug|Any CPU
		{59CFBBD6-A197-4035-B9C1-358E9835B800}.Debug|ARM.ActiveCfg = Debug|Any CPU
		{59CFBBD6-A197-4035-B9C1-358E9835B800}.Debug|ARM.Build.0 = Debug|Any CPU
		{59CFBBD6-A197-4035-B9C1-358E9835B800}.Debug|x64.ActiveCfg = Debug|Any CPU
		{59CFBBD6-A197-4035-B9C1-358E9835B800}.Debug|x64.Build.0 = Debug|Any CPU
		{59CFBBD6-A197-4035-B9C1-358E9835B800}.Debug|x86.ActiveCfg = Debug|Any CPU
		{59CFBBD6-A197-4035-B9C1-358E9835B800}.Debug|x86.Build.0 = Debug|Any CPU
		{59CFBBD6-A197-4035-B9C1-358E9835B800}.Release|Any CPU.ActiveCfg = Release|Any CPU
		{59CFBBD6-A197-4035-B9C1-358E9835B800}.Release|Any CPU.Build.0 = Release|Any CPU
		{59CFBBD6-A197-4035-B9C1-358E9835B800}.Release|ARM.ActiveCfg = Release|Any CPU
		{59CFBBD6-A197-4035-B9C1-358E9835B800}.Release|ARM.Build.0 = Release|Any CPU
		{59CFBBD6-A197-4035-B9C1-358E9835B800}.Release|x64.ActiveCfg = Release|Any CPU
		{59CFBBD6-A197-4035-B9C1-358E9835B800}.Release|x64.Build.0 = Release|Any CPU
		{59CFBBD6-A197-4035-B9C1-358E9835B800}.Release|x86.ActiveCfg = Release|Any CPU
		{59CFBBD6-A197-4035-B9C1-358E9835B800}.Release|x86.Build.0 = Release|Any CPU
		{73B53B53-ECAB-47C5-945F-3F6FB0940A53}.Debug|Any CPU.ActiveCfg = Debug|Any CPU
		{73B53B53-ECAB-47C5-945F-3F6FB0940A53}.Debug|Any CPU.Build.0 = Debug|Any CPU
		{73B53B53-ECAB-47C5-945F-3F6FB0940A53}.Debug|ARM.ActiveCfg = Debug|Any CPU
		{73B53B53-ECAB-47C5-945F-3F6FB0940A53}.Debug|ARM.Build.0 = Debug|Any CPU
		{73B53B53-ECAB-47C5-945F-3F6FB0940A53}.Debug|x64.ActiveCfg = Debug|Any CPU
		{73B53B53-ECAB-47C5-945F-3F6FB0940A53}.Debug|x64.Build.0 = Debug|Any CPU
		{73B53B53-ECAB-47C5-945F-3F6FB0940A53}.Debug|x86.ActiveCfg = Debug|Any CPU
		{73B53B53-ECAB-47C5-945F-3F6FB0940A53}.Debug|x86.Build.0 = Debug|Any CPU
		{73B53B53-ECAB-47C5-945F-3F6FB0940A53}.Release|Any CPU.ActiveCfg = Release|Any CPU
		{73B53B53-ECAB-47C5-945F-3F6FB0940A53}.Release|Any CPU.Build.0 = Release|Any CPU
		{73B53B53-ECAB-47C5-945F-3F6FB0940A53}.Release|ARM.ActiveCfg = Release|Any CPU
		{73B53B53-ECAB-47C5-945F-3F6FB0940A53}.Release|ARM.Build.0 = Release|Any CPU
		{73B53B53-ECAB-47C5-945F-3F6FB0940A53}.Release|x64.ActiveCfg = Release|Any CPU
		{73B53B53-ECAB-47C5-945F-3F6FB0940A53}.Release|x64.Build.0 = Release|Any CPU
		{73B53B53-ECAB-47C5-945F-3F6FB0940A53}.Release|x86.ActiveCfg = Release|Any CPU
		{73B53B53-ECAB-47C5-945F-3F6FB0940A53}.Release|x86.Build.0 = Release|Any CPU
		{D2863C32-80B5-4647-ACC8-B007DC8E9139}.Debug|Any CPU.ActiveCfg = Debug|Any CPU
		{D2863C32-80B5-4647-ACC8-B007DC8E9139}.Debug|Any CPU.Build.0 = Debug|Any CPU
		{D2863C32-80B5-4647-ACC8-B007DC8E9139}.Debug|ARM.ActiveCfg = Debug|Any CPU
		{D2863C32-80B5-4647-ACC8-B007DC8E9139}.Debug|ARM.Build.0 = Debug|Any CPU
		{D2863C32-80B5-4647-ACC8-B007DC8E9139}.Debug|x64.ActiveCfg = Debug|Any CPU
		{D2863C32-80B5-4647-ACC8-B007DC8E9139}.Debug|x64.Build.0 = Debug|Any CPU
		{D2863C32-80B5-4647-ACC8-B007DC8E9139}.Debug|x86.ActiveCfg = Debug|Any CPU
		{D2863C32-80B5-4647-ACC8-B007DC8E9139}.Debug|x86.Build.0 = Debug|Any CPU
		{D2863C32-80B5-4647-ACC8-B007DC8E9139}.Release|Any CPU.ActiveCfg = Release|Any CPU
		{D2863C32-80B5-4647-ACC8-B007DC8E9139}.Release|Any CPU.Build.0 = Release|Any CPU
		{D2863C32-80B5-4647-ACC8-B007DC8E9139}.Release|ARM.ActiveCfg = Release|Any CPU
		{D2863C32-80B5-4647-ACC8-B007DC8E9139}.Release|ARM.Build.0 = Release|Any CPU
		{D2863C32-80B5-4647-ACC8-B007DC8E9139}.Release|x64.ActiveCfg = Release|Any CPU
		{D2863C32-80B5-4647-ACC8-B007DC8E9139}.Release|x64.Build.0 = Release|Any CPU
		{D2863C32-80B5-4647-ACC8-B007DC8E9139}.Release|x86.ActiveCfg = Release|Any CPU
		{D2863C32-80B5-4647-ACC8-B007DC8E9139}.Release|x86.Build.0 = Release|Any CPU
		{C8C5FB12-F2E0-4EE8-80CF-A6DDA9707C34}.Debug|Any CPU.ActiveCfg = Debug|Any CPU
		{C8C5FB12-F2E0-4EE8-80CF-A6DDA9707C34}.Debug|Any CPU.Build.0 = Debug|Any CPU
		{C8C5FB12-F2E0-4EE8-80CF-A6DDA9707C34}.Debug|ARM.ActiveCfg = Debug|Any CPU
		{C8C5FB12-F2E0-4EE8-80CF-A6DDA9707C34}.Debug|ARM.Build.0 = Debug|Any CPU
		{C8C5FB12-F2E0-4EE8-80CF-A6DDA9707C34}.Debug|x64.ActiveCfg = Debug|Any CPU
		{C8C5FB12-F2E0-4EE8-80CF-A6DDA9707C34}.Debug|x64.Build.0 = Debug|Any CPU
		{C8C5FB12-F2E0-4EE8-80CF-A6DDA9707C34}.Debug|x86.ActiveCfg = Debug|Any CPU
		{C8C5FB12-F2E0-4EE8-80CF-A6DDA9707C34}.Debug|x86.Build.0 = Debug|Any CPU
		{C8C5FB12-F2E0-4EE8-80CF-A6DDA9707C34}.Release|Any CPU.ActiveCfg = Release|Any CPU
		{C8C5FB12-F2E0-4EE8-80CF-A6DDA9707C34}.Release|Any CPU.Build.0 = Release|Any CPU
		{C8C5FB12-F2E0-4EE8-80CF-A6DDA9707C34}.Release|ARM.ActiveCfg = Release|Any CPU
		{C8C5FB12-F2E0-4EE8-80CF-A6DDA9707C34}.Release|ARM.Build.0 = Release|Any CPU
		{C8C5FB12-F2E0-4EE8-80CF-A6DDA9707C34}.Release|x64.ActiveCfg = Release|Any CPU
		{C8C5FB12-F2E0-4EE8-80CF-A6DDA9707C34}.Release|x64.Build.0 = Release|Any CPU
		{C8C5FB12-F2E0-4EE8-80CF-A6DDA9707C34}.Release|x86.ActiveCfg = Release|Any CPU
		{C8C5FB12-F2E0-4EE8-80CF-A6DDA9707C34}.Release|x86.Build.0 = Release|Any CPU
		{DAFE6A5D-B908-4A9A-9288-2392E33A9BE3}.Debug|Any CPU.ActiveCfg = Debug|Any CPU
		{DAFE6A5D-B908-4A9A-9288-2392E33A9BE3}.Debug|Any CPU.Build.0 = Debug|Any CPU
		{DAFE6A5D-B908-4A9A-9288-2392E33A9BE3}.Debug|ARM.ActiveCfg = Debug|Any CPU
		{DAFE6A5D-B908-4A9A-9288-2392E33A9BE3}.Debug|ARM.Build.0 = Debug|Any CPU
		{DAFE6A5D-B908-4A9A-9288-2392E33A9BE3}.Debug|x64.ActiveCfg = Debug|Any CPU
		{DAFE6A5D-B908-4A9A-9288-2392E33A9BE3}.Debug|x64.Build.0 = Debug|Any CPU
		{DAFE6A5D-B908-4A9A-9288-2392E33A9BE3}.Debug|x86.ActiveCfg = Debug|Any CPU
		{DAFE6A5D-B908-4A9A-9288-2392E33A9BE3}.Debug|x86.Build.0 = Debug|Any CPU
		{DAFE6A5D-B908-4A9A-9288-2392E33A9BE3}.Release|Any CPU.ActiveCfg = Release|Any CPU
		{DAFE6A5D-B908-4A9A-9288-2392E33A9BE3}.Release|Any CPU.Build.0 = Release|Any CPU
		{DAFE6A5D-B908-4A9A-9288-2392E33A9BE3}.Release|ARM.ActiveCfg = Release|Any CPU
		{DAFE6A5D-B908-4A9A-9288-2392E33A9BE3}.Release|ARM.Build.0 = Release|Any CPU
		{DAFE6A5D-B908-4A9A-9288-2392E33A9BE3}.Release|x64.ActiveCfg = Release|Any CPU
		{DAFE6A5D-B908-4A9A-9288-2392E33A9BE3}.Release|x64.Build.0 = Release|Any CPU
		{DAFE6A5D-B908-4A9A-9288-2392E33A9BE3}.Release|x86.ActiveCfg = Release|Any CPU
		{DAFE6A5D-B908-4A9A-9288-2392E33A9BE3}.Release|x86.Build.0 = Release|Any CPU
		{22386B15-178F-4EF7-83B5-545C2231C1FD}.Debug|Any CPU.ActiveCfg = Debug|Any CPU
		{22386B15-178F-4EF7-83B5-545C2231C1FD}.Debug|Any CPU.Build.0 = Debug|Any CPU
		{22386B15-178F-4EF7-83B5-545C2231C1FD}.Debug|ARM.ActiveCfg = Debug|Any CPU
		{22386B15-178F-4EF7-83B5-545C2231C1FD}.Debug|ARM.Build.0 = Debug|Any CPU
		{22386B15-178F-4EF7-83B5-545C2231C1FD}.Debug|x64.ActiveCfg = Debug|Any CPU
		{22386B15-178F-4EF7-83B5-545C2231C1FD}.Debug|x64.Build.0 = Debug|Any CPU
		{22386B15-178F-4EF7-83B5-545C2231C1FD}.Debug|x86.ActiveCfg = Debug|Any CPU
		{22386B15-178F-4EF7-83B5-545C2231C1FD}.Debug|x86.Build.0 = Debug|Any CPU
		{22386B15-178F-4EF7-83B5-545C2231C1FD}.Release|Any CPU.ActiveCfg = Release|Any CPU
		{22386B15-178F-4EF7-83B5-545C2231C1FD}.Release|Any CPU.Build.0 = Release|Any CPU
		{22386B15-178F-4EF7-83B5-545C2231C1FD}.Release|ARM.ActiveCfg = Release|Any CPU
		{22386B15-178F-4EF7-83B5-545C2231C1FD}.Release|ARM.Build.0 = Release|Any CPU
		{22386B15-178F-4EF7-83B5-545C2231C1FD}.Release|x64.ActiveCfg = Release|Any CPU
		{22386B15-178F-4EF7-83B5-545C2231C1FD}.Release|x64.Build.0 = Release|Any CPU
		{22386B15-178F-4EF7-83B5-545C2231C1FD}.Release|x86.ActiveCfg = Release|Any CPU
		{22386B15-178F-4EF7-83B5-545C2231C1FD}.Release|x86.Build.0 = Release|Any CPU
	EndGlobalSection
	GlobalSection(SolutionProperties) = preSolution
		HideSolutionNode = FALSE
	EndGlobalSection
	GlobalSection(NestedProjects) = preSolution
		{3570B09C-49D1-43F4-B1DA-862C1D2E90CF} = {FBF88E4E-4CA8-473A-AF3F-9709CCB979DB}
		{1FBB92DE-CD94-4757-8FFD-2AC8790020B1} = {FBF88E4E-4CA8-473A-AF3F-9709CCB979DB}
		{CB7B4AD8-86EA-4F8A-98F0-C419A972CB75} = {7E2A8FE4-BD6E-486F-A31F-EA474354725B}
		{D3CE4F97-FDCD-4514-93AA-DE50BC379567} = {7E2A8FE4-BD6E-486F-A31F-EA474354725B}
		{D4B13B0B-165B-4513-9DC1-B8A25979BD65} = {7E2A8FE4-BD6E-486F-A31F-EA474354725B}
		{0A07E6BB-BA9C-4448-BFEA-3E490A3EE60F} = {7E2A8FE4-BD6E-486F-A31F-EA474354725B}
		{A2678DAA-EAED-40C7-B790-643717A753BA} = {1FBB92DE-CD94-4757-8FFD-2AC8790020B1}
		{59CFBBD6-A197-4035-B9C1-358E9835B800} = {3570B09C-49D1-43F4-B1DA-862C1D2E90CF}
		{73B53B53-ECAB-47C5-945F-3F6FB0940A53} = {7E2A8FE4-BD6E-486F-A31F-EA474354725B}
		{D2863C32-80B5-4647-ACC8-B007DC8E9139} = {7E2A8FE4-BD6E-486F-A31F-EA474354725B}
		{C8C5FB12-F2E0-4EE8-80CF-A6DDA9707C34} = {4F6FEC1A-4512-48D6-B3BC-8AD8025B7EF7}
		{DAFE6A5D-B908-4A9A-9288-2392E33A9BE3} = {1FBB92DE-CD94-4757-8FFD-2AC8790020B1}
		{22386B15-178F-4EF7-83B5-545C2231C1FD} = {1FBB92DE-CD94-4757-8FFD-2AC8790020B1}
	EndGlobalSection
EndGlobal
